
Microsoft Visual Studio Solution File, Format Version 12.00
# Visual Studio Version 16
VisualStudioVersion = 16.0.30114.105
MinimumVisualStudioVersion = 10.0.40219.1
Project("{FAE04EC0-301F-11D3-BF4B-00C04F79EFBC}") = "SupplementsServer.API", "SupplementsServer.API\SupplementsServer.API.csproj", "{66C2F80A-2575-40D2-A362-C6A859F2E265}"
EndProject
Project("{FAE04EC0-301F-11D3-BF4B-00C04F79EFBC}") = "SupplementsServer.UnitTests", "SupplementsServer.UnitTests\SupplementsServer.UnitTests.csproj", "{BE766E83-735A-4213-86BE-5A38845FC430}"
EndProject
Global
	GlobalSection(SolutionConfigurationPlatforms) = preSolution
		Debug|Any CPU = Debug|Any CPU
		Release|Any CPU = Release|Any CPU
	EndGlobalSection
	GlobalSection(SolutionProperties) = preSolution
		HideSolutionNode = FALSE
	EndGlobalSection
	GlobalSection(ProjectConfigurationPlatforms) = postSolution
		{66C2F80A-2575-40D2-A362-C6A859F2E265}.Debug|Any CPU.ActiveCfg = Debug|Any CPU
		{66C2F80A-2575-40D2-A362-C6A859F2E265}.Debug|Any CPU.Build.0 = Debug|Any CPU
		{66C2F80A-2575-40D2-A362-C6A859F2E265}.Release|Any CPU.ActiveCfg = Release|Any CPU
		{66C2F80A-2575-40D2-A362-C6A859F2E265}.Release|Any CPU.Build.0 = Release|Any CPU
		{BE766E83-735A-4213-86BE-5A38845FC430}.Debug|Any CPU.ActiveCfg = Debug|Any CPU
		{BE766E83-735A-4213-86BE-5A38845FC430}.Debug|Any CPU.Build.0 = Debug|Any CPU
		{BE766E83-735A-4213-86BE-5A38845FC430}.Release|Any CPU.ActiveCfg = Release|Any CPU
		{BE766E83-735A-4213-86BE-5A38845FC430}.Release|Any CPU.Build.0 = Release|Any CPU
	EndGlobalSection
EndGlobal
